// !$*UTF8*$!
{
	archiveVersion = 1;
	classes = {
	};
	objectVersion = 56;
	objects = {

/* Begin PBXBuildFile section */
		75C147AF8D73535747423A47 /* Pods_H4X0R_News.framework in Frameworks */ = {isa = PBXBuildFile; fileRef = 42CD690172D8D41FC0930B68 /* Pods_H4X0R_News.framework */; };
		FF0667C729935D340057CA9E /* WebView.swift in Sources */ = {isa = PBXBuildFile; fileRef = FF0667C629935D340057CA9E /* WebView.swift */; };
		FF0667C929935E520057CA9E /* DetailView.swift in Sources */ = {isa = PBXBuildFile; fileRef = FF0667C829935E520057CA9E /* DetailView.swift */; };
		FFF92E9A2993401F00A46399 /* H4X0R_NewsApp.swift in Sources */ = {isa = PBXBuildFile; fileRef = FFF92E992993401F00A46399 /* H4X0R_NewsApp.swift */; };
		FFF92E9C2993401F00A46399 /* ContentView.swift in Sources */ = {isa = PBXBuildFile; fileRef = FFF92E9B2993401F00A46399 /* ContentView.swift */; };
		FFF92E9E2993402100A46399 /* Assets.xcassets in Resources */ = {isa = PBXBuildFile; fileRef = FFF92E9D2993402100A46399 /* Assets.xcassets */; };
		FFF92EA12993402100A46399 /* Preview Assets.xcassets in Resources */ = {isa = PBXBuildFile; fileRef = FFF92EA02993402100A46399 /* Preview Assets.xcassets */; };
		FFF92EA929934FFE00A46399 /* NetWorkManager.swift in Sources */ = {isa = PBXBuildFile; fileRef = FFF92EA829934FFE00A46399 /* NetWorkManager.swift */; };
		FFF92EAB2993520900A46399 /* NewsData.swift in Sources */ = {isa = PBXBuildFile; fileRef = FFF92EAA2993520900A46399 /* NewsData.swift */; };
/* End PBXBuildFile section */

/* Begin PBXFileReference section */
		42CD690172D8D41FC0930B68 /* Pods_H4X0R_News.framework */ = {isa = PBXFileReference; explicitFileType = wrapper.framework; includeInIndex = 0; path = Pods_H4X0R_News.framework; sourceTree = BUILT_PRODUCTS_DIR; };
		AB65D2142E5694C777018805 /* Pods-H4X0R News.release.xcconfig */ = {isa = PBXFileReference; includeInIndex = 1; lastKnownFileType = text.xcconfig; name = "Pods-H4X0R News.release.xcconfig"; path = "Target Support Files/Pods-H4X0R News/Pods-H4X0R News.release.xcconfig"; sourceTree = "<group>"; };
		DA0FD7B8605445F1606D9EF7 /* Pods-H4X0R News.debug.xcconfig */ = {isa = PBXFileReference; includeInIndex = 1; lastKnownFileType = text.xcconfig; name = "Pods-H4X0R News.debug.xcconfig"; path = "Target Support Files/Pods-H4X0R News/Pods-H4X0R News.debug.xcconfig"; sourceTree = "<group>"; };
		FF0667C629935D340057CA9E /* WebView.swift */ = {isa = PBXFileReference; lastKnownFileType = sourcecode.swift; path = WebView.swift; sourceTree = "<group>"; };
		FF0667C829935E520057CA9E /* DetailView.swift */ = {isa = PBXFileReference; lastKnownFileType = sourcecode.swift; path = DetailView.swift; sourceTree = "<group>"; };
		FFF92E962993401F00A46399 /* H4X0R News.app */ = {isa = PBXFileReference; explicitFileType = wrapper.application; includeInIndex = 0; path = "H4X0R News.app"; sourceTree = BUILT_PRODUCTS_DIR; };
		FFF92E992993401F00A46399 /* H4X0R_NewsApp.swift */ = {isa = PBXFileReference; lastKnownFileType = sourcecode.swift; path = H4X0R_NewsApp.swift; sourceTree = "<group>"; };
		FFF92E9B2993401F00A46399 /* ContentView.swift */ = {isa = PBXFileReference; lastKnownFileType = sourcecode.swift; path = ContentView.swift; sourceTree = "<group>"; };
		FFF92E9D2993402100A46399 /* Assets.xcassets */ = {isa = PBXFileReference; lastKnownFileType = folder.assetcatalog; path = Assets.xcassets; sourceTree = "<group>"; };
		FFF92EA02993402100A46399 /* Preview Assets.xcassets */ = {isa = PBXFileReference; lastKnownFileType = folder.assetcatalog; path = "Preview Assets.xcassets"; sourceTree = "<group>"; };
		FFF92EA829934FFE00A46399 /* NetWorkManager.swift */ = {isa = PBXFileReference; lastKnownFileType = sourcecode.swift; path = NetWorkManager.swift; sourceTree = "<group>"; };
		FFF92EAA2993520900A46399 /* NewsData.swift */ = {isa = PBXFileReference; lastKnownFileType = sourcecode.swift; path = NewsData.swift; sourceTree = "<group>"; };
/* End PBXFileReference section */

/* Begin PBXFrameworksBuildPhase section */
		FFF92E932993401F00A46399 /* Frameworks */ = {
			isa = PBXFrameworksBuildPhase;
			buildActionMask = 2147483647;
			files = (
				75C147AF8D73535747423A47 /* Pods_H4X0R_News.framework in Frameworks */,
			);
			runOnlyForDeploymentPostprocessing = 0;
		};
/* End PBXFrameworksBuildPhase section */

/* Begin PBXGroup section */
		EC0A9700A135194B1B84F131 /* Pods */ = {
			isa = PBXGroup;
			children = (
				DA0FD7B8605445F1606D9EF7 /* Pods-H4X0R News.debug.xcconfig */,
				AB65D2142E5694C777018805 /* Pods-H4X0R News.release.xcconfig */,
			);
			path = Pods;
			sourceTree = "<group>";
		};
		F649AAA2F85D788B78FCE854 /* Frameworks */ = {
			isa = PBXGroup;
			children = (
				42CD690172D8D41FC0930B68 /* Pods_H4X0R_News.framework */,
			);
			name = Frameworks;
			sourceTree = "<group>";
		};
		FF0667C329935CD10057CA9E /* View */ = {
			isa = PBXGroup;
			children = (
				FFF92E9B2993401F00A46399 /* ContentView.swift */,
				FF0667C629935D340057CA9E /* WebView.swift */,
				FF0667C829935E520057CA9E /* DetailView.swift */,
			);
			path = View;
			sourceTree = "<group>";
		};
		FFF92E8D2993401F00A46399 = {
			isa = PBXGroup;
			children = (
				FFF92E982993401F00A46399 /* H4X0R News */,
				FFF92E972993401F00A46399 /* Products */,
				EC0A9700A135194B1B84F131 /* Pods */,
				F649AAA2F85D788B78FCE854 /* Frameworks */,
			);
			sourceTree = "<group>";
		};
		FFF92E972993401F00A46399 /* Products */ = {
			isa = PBXGroup;
			children = (
				FFF92E962993401F00A46399 /* H4X0R News.app */,
			);
			name = Products;
			sourceTree = "<group>";
		};
		FFF92E982993401F00A46399 /* H4X0R News */ = {
			isa = PBXGroup;
			children = (
				FFF92E992993401F00A46399 /* H4X0R_NewsApp.swift */,
				FF0667C329935CD10057CA9E /* View */,
				FFF92EA729934FDC00A46399 /* Models */,
				FFF92E9D2993402100A46399 /* Assets.xcassets */,
				FFF92E9F2993402100A46399 /* Preview Content */,
			);
			path = "H4X0R News";
			sourceTree = "<group>";
		};
		FFF92E9F2993402100A46399 /* Preview Content */ = {
			isa = PBXGroup;
			children = (
				FFF92EA02993402100A46399 /* Preview Assets.xcassets */,
			);
			path = "Preview Content";
			sourceTree = "<group>";
		};
		FFF92EA729934FDC00A46399 /* Models */ = {
			isa = PBXGroup;
			children = (
				FFF92EA829934FFE00A46399 /* NetWorkManager.swift */,
				FFF92EAA2993520900A46399 /* NewsData.swift */,
			);
			path = Models;
			sourceTree = "<group>";
		};
/* End PBXGroup section */

/* Begin PBXNativeTarget section */
		FFF92E952993401F00A46399 /* H4X0R News */ = {
			isa = PBXNativeTarget;
			buildConfigurationList = FFF92EA42993402100A46399 /* Build configuration list for PBXNativeTarget "H4X0R News" */;
			buildPhases = (
				09C200E73BB235C4D64B3FFE /* [CP] Check Pods Manifest.lock */,
				FFF92E922993401F00A46399 /* Sources */,
				FFF92E932993401F00A46399 /* Frameworks */,
				FFF92E942993401F00A46399 /* Resources */,
				BF3828CF401EB97C87F9A962 /* [CP] Embed Pods Frameworks */,
			);
			buildRules = (
			);
			dependencies = (
			);
			name = "H4X0R News";
			productName = "H4X0R News";
			productReference = FFF92E962993401F00A46399 /* H4X0R News.app */;
			productType = "com.apple.product-type.application";
		};
/* End PBXNativeTarget section */

/* Begin PBXProject section */
		FFF92E8E2993401F00A46399 /* Project object */ = {
			isa = PBXProject;
			attributes = {
				BuildIndependentTargetsInParallel = 1;
				LastSwiftUpdateCheck = 1420;
				LastUpgradeCheck = 1420;
				TargetAttributes = {
					FFF92E952993401F00A46399 = {
						CreatedOnToolsVersion = 14.2;
					};
				};
			};
			buildConfigurationList = FFF92E912993401F00A46399 /* Build configuration list for PBXProject "H4X0R News" */;
			compatibilityVersion = "Xcode 14.0";
			developmentRegion = en;
			hasScannedForEncodings = 0;
			knownRegions = (
				en,
				Base,
			);
			mainGroup = FFF92E8D2993401F00A46399;
			productRefGroup = FFF92E972993401F00A46399 /* Products */;
			projectDirPath = "";
			projectRoot = "";
			targets = (
				FFF92E952993401F00A46399 /* H4X0R News */,
			);
		};
/* End PBXProject section */

/* Begin PBXResourcesBuildPhase section */
		FFF92E942993401F00A46399 /* Resources */ = {
			isa = PBXResourcesBuildPhase;
			buildActionMask = 2147483647;
			files = (
				FFF92EA12993402100A46399 /* Preview Assets.xcassets in Resources */,
				FFF92E9E2993402100A46399 /* Assets.xcassets in Resources */,
			);
			runOnlyForDeploymentPostprocessing = 0;
		};
/* End PBXResourcesBuildPhase section */

/* Begin PBXShellScriptBuildPhase section */
		09C200E73BB235C4D64B3FFE /* [CP] Check Pods Manifest.lock */ = {
			isa = PBXShellScriptBuildPhase;
			buildActionMask = 2147483647;
			files = (
			);
			inputFileListPaths = (
			);
			inputPaths = (
				"${PODS_PODFILE_DIR_PATH}/Podfile.lock",
				"${PODS_ROOT}/Manifest.lock",
			);
			name = "[CP] Check Pods Manifest.lock";
			outputFileListPaths = (
			);
			outputPaths = (
				"$(DERIVED_FILE_DIR)/Pods-H4X0R News-checkManifestLockResult.txt",
			);
			runOnlyForDeploymentPostprocessing = 0;
			shellPath = /bin/sh;
			shellScript = "diff \"${PODS_PODFILE_DIR_PATH}/Podfile.lock\" \"${PODS_ROOT}/Manifest.lock\" > /dev/null\nif [ $? != 0 ] ; then\n    # print error to STDERR\n    echo \"error: The sandbox is not in sync with the Podfile.lock. Run 'pod install' or update your CocoaPods installation.\" >&2\n    exit 1\nfi\n# This output is used by Xcode 'outputs' to avoid re-running this script phase.\necho \"SUCCESS\" > \"${SCRIPT_OUTPUT_FILE_0}\"\n";
			showEnvVarsInLog = 0;
		};
		BF3828CF401EB97C87F9A962 /* [CP] Embed Pods Frameworks */ = {
			isa = PBXShellScriptBuildPhase;
			buildActionMask = 2147483647;
			files = (
			);
			inputFileListPaths = (
				"${PODS_ROOT}/Target Support Files/Pods-H4X0R News/Pods-H4X0R News-frameworks-${CONFIGURATION}-input-files.xcfilelist",
			);
			name = "[CP] Embed Pods Frameworks";
			outputFileListPaths = (
				"${PODS_ROOT}/Target Support Files/Pods-H4X0R News/Pods-H4X0R News-frameworks-${CONFIGURATION}-output-files.xcfilelist",
			);
			runOnlyForDeploymentPostprocessing = 0;
			shellPath = /bin/sh;
			shellScript = "\"${PODS_ROOT}/Target Support Files/Pods-H4X0R News/Pods-H4X0R News-frameworks.sh\"\n";
			showEnvVarsInLog = 0;
		};
/* End PBXShellScriptBuildPhase section */

/* Begin PBXSourcesBuildPhase section */
		FFF92E922993401F00A46399 /* Sources */ = {
			isa = PBXSourcesBuildPhase;
			buildActionMask = 2147483647;
			files = (
				FFF92EAB2993520900A46399 /* NewsData.swift in Sources */,
				FF0667C929935E520057CA9E /* DetailView.swift in Sources */,
				FFF92E9C2993401F00A46399 /* ContentView.swift in Sources */,
				FFF92E9A2993401F00A46399 /* H4X0R_NewsApp.swift in Sources */,
				FF0667C729935D340057CA9E /* WebView.swift in Sources */,
				FFF92EA929934FFE00A46399 /* NetWorkManager.swift in Sources */,
			);
			runOnlyForDeploymentPostprocessing = 0;
		};
/* End PBXSourcesBuildPhase section */

/* Begin XCBuildConfiguration section */
		FFF92EA22993402100A46399 /* Debug */ = {
			isa = XCBuildConfiguration;
			buildSettings = {
				ALWAYS_SEARCH_USER_PATHS = NO;
				CLANG_ANALYZER_NONNULL = YES;
				CLANG_ANALYZER_NUMBER_OBJECT_CONVERSION = YES_AGGRESSIVE;
				CLANG_CXX_LANGUAGE_STANDARD = "gnu++20";
				CLANG_ENABLE_MODULES = YES;
				CLANG_ENABLE_OBJC_ARC = YES;
				CLANG_ENABLE_OBJC_WEAK = YES;
				CLANG_WARN_BLOCK_CAPTURE_AUTORELEASING = YES;
				CLANG_WARN_BOOL_CONVERSION = YES;
				CLANG_WARN_COMMA = YES;
				CLANG_WARN_CONSTANT_CONVERSION = YES;
				CLANG_WARN_DEPRECATED_OBJC_IMPLEMENTATIONS = YES;
				CLANG_WARN_DIRECT_OBJC_ISA_USAGE = YES_ERROR;
				CLANG_WARN_DOCUMENTATION_COMMENTS = YES;
				CLANG_WARN_EMPTY_BODY = YES;
				CLANG_WARN_ENUM_CONVERSION = YES;
				CLANG_WARN_INFINITE_RECURSION = YES;
				CLANG_WARN_INT_CONVERSION = YES;
				CLANG_WARN_NON_LITERAL_NULL_CONVERSION = YES;
				CLANG_WARN_OBJC_IMPLICIT_RETAIN_SELF = YES;
				CLANG_WARN_OBJC_LITERAL_CONVERSION = YES;
				CLANG_WARN_OBJC_ROOT_CLASS = YES_ERROR;
				CLANG_WARN_QUOTED_INCLUDE_IN_FRAMEWORK_HEADER = YES;
				CLANG_WARN_RANGE_LOOP_ANALYSIS = YES;
				CLANG_WARN_STRICT_PROTOTYPES = YES;
				CLANG_WARN_SUSPICIOUS_MOVE = YES;
				CLANG_WARN_UNGUARDED_AVAILABILITY = YES_AGGRESSIVE;
				CLANG_WARN_UNREACHABLE_CODE = YES;
				CLANG_WARN__DUPLICATE_METHOD_MATCH = YES;
				COPY_PHASE_STRIP = NO;
				DEBUG_INFORMATION_FORMAT = dwarf;
				ENABLE_STRICT_OBJC_MSGSEND = YES;
				ENABLE_TESTABILITY = YES;
				GCC_C_LANGUAGE_STANDARD = gnu11;
				GCC_DYNAMIC_NO_PIC = NO;
				GCC_NO_COMMON_BLOCKS = YES;
				GCC_OPTIMIZATION_LEVEL = 0;
				GCC_PREPROCESSOR_DEFINITIONS = (
					"DEBUG=1",
					"$(inherited)",
				);
				GCC_WARN_64_TO_32_BIT_CONVERSION = YES;
				GCC_WARN_ABOUT_RETURN_TYPE = YES_ERROR;
				GCC_WARN_UNDECLARED_SELECTOR = YES;
				GCC_WARN_UNINITIALIZED_AUTOS = YES_AGGRESSIVE;
				GCC_WARN_UNUSED_FUNCTION = YES;
				GCC_WARN_UNUSED_VARIABLE = YES;
				IPHONEOS_DEPLOYMENT_TARGET = 16.2;
				MTL_ENABLE_DEBUG_INFO = INCLUDE_SOURCE;
				MTL_FAST_MATH = YES;
				ONLY_ACTIVE_ARCH = YES;
				SDKROOT = iphoneos;
				SWIFT_ACTIVE_COMPILATION_CONDITIONS = DEBUG;
				SWIFT_OPTIMIZATION_LEVEL = "-Onone";
			};
			name = Debug;
		};
		FFF92EA32993402100A46399 /* Release */ = {
			isa = XCBuildConfiguration;
			buildSettings = {
				ALWAYS_SEARCH_USER_PATHS = NO;
				CLANG_ANALYZER_NONNULL = YES;
				CLANG_ANALYZER_NUMBER_OBJECT_CONVERSION = YES_AGGRESSIVE;
				CLANG_CXX_LANGUAGE_STANDARD = "gnu++20";
				CLANG_ENABLE_MODULES = YES;
				CLANG_ENABLE_OBJC_ARC = YES;
				CLANG_ENABLE_OBJC_WEAK = YES;
				CLANG_WARN_BLOCK_CAPTURE_AUTORELEASING = YES;
				CLANG_WARN_BOOL_CONVERSION = YES;
				CLANG_WARN_COMMA = YES;
				CLANG_WARN_CONSTANT_CONVERSION = YES;
				CLANG_WARN_DEPRECATED_OBJC_IMPLEMENTATIONS = YES;
				CLANG_WARN_DIRECT_OBJC_ISA_USAGE = YES_ERROR;
				CLANG_WARN_DOCUMENTATION_COMMENTS = YES;
				CLANG_WARN_EMPTY_BODY = YES;
				CLANG_WARN_ENUM_CONVERSION = YES;
				CLANG_WARN_INFINITE_RECURSION = YES;
				CLANG_WARN_INT_CONVERSION = YES;
				CLANG_WARN_NON_LITERAL_NULL_CONVERSION = YES;
				CLANG_WARN_OBJC_IMPLICIT_RETAIN_SELF = YES;
				CLANG_WARN_OBJC_LITERAL_CONVERSION = YES;
				CLANG_WARN_OBJC_ROOT_CLASS = YES_ERROR;
				CLANG_WARN_QUOTED_INCLUDE_IN_FRAMEWORK_HEADER = YES;
				CLANG_WARN_RANGE_LOOP_ANALYSIS = YES;
				CLANG_WARN_STRICT_PROTOTYPES = YES;
				CLANG_WARN_SUSPICIOUS_MOVE = YES;
				CLANG_WARN_UNGUARDED_AVAILABILITY = YES_AGGRESSIVE;
				CLANG_WARN_UNREACHABLE_CODE = YES;
				CLANG_WARN__DUPLICATE_METHOD_MATCH = YES;
				COPY_PHASE_STRIP = NO;
				DEBUG_INFORMATION_FORMAT = "dwarf-with-dsym";
				ENABLE_NS_ASSERTIONS = NO;
				ENABLE_STRICT_OBJC_MSGSEND = YES;
				GCC_C_LANGUAGE_STANDARD = gnu11;
				GCC_NO_COMMON_BLOCKS = YES;
				GCC_WARN_64_TO_32_BIT_CONVERSION = YES;
				GCC_WARN_ABOUT_RETURN_TYPE = YES_ERROR;
				GCC_WARN_UNDECLARED_SELECTOR = YES;
				GCC_WARN_UNINITIALIZED_AUTOS = YES_AGGRESSIVE;
				GCC_WARN_UNUSED_FUNCTION = YES;
				GCC_WARN_UNUSED_VARIABLE = YES;
				IPHONEOS_DEPLOYMENT_TARGET = 16.2;
				MTL_ENABLE_DEBUG_INFO = NO;
				MTL_FAST_MATH = YES;
				SDKROOT = iphoneos;
				SWIFT_COMPILATION_MODE = wholemodule;
				SWIFT_OPTIMIZATION_LEVEL = "-O";
				VALIDATE_PRODUCT = YES;
			};
			name = Release;
		};
		FFF92EA52993402100A46399 /* Debug */ = {
			isa = XCBuildConfiguration;
			baseConfigurationReference = DA0FD7B8605445F1606D9EF7 /* Pods-H4X0R News.debug.xcconfig */;
			buildSettings = {
				ASSETCATALOG_COMPILER_APPICON_NAME = AppIcon;
				ASSETCATALOG_COMPILER_GLOBAL_ACCENT_COLOR_NAME = AccentColor;
				CODE_SIGN_STYLE = Automatic;
				CURRENT_PROJECT_VERSION = 1;
				DEVELOPMENT_ASSET_PATHS = "\"H4X0R News/Preview Content\"";
				DEVELOPMENT_TEAM = 4F78DU7555;
				ENABLE_PREVIEWS = YES;
				GENERATE_INFOPLIST_FILE = YES;
				INFOPLIST_KEY_UIApplicationSceneManifest_Generation = YES;
				INFOPLIST_KEY_UIApplicationSupportsIndirectInputEvents = YES;
				INFOPLIST_KEY_UILaunchScreen_Generation = YES;
				INFOPLIST_KEY_UISupportedInterfaceOrientations_iPad = "UIInterfaceOrientationPortrait UIInterfaceOrientationPortraitUpsideDown UIInterfaceOrientationLandscapeLeft UIInterfaceOrientationLandscapeRight";
				INFOPLIST_KEY_UISupportedInterfaceOrientations_iPhone = "UIInterfaceOrientationPortrait UIInterfaceOrientationLandscapeLeft UIInterfaceOrientationLandscapeRight";
				LD_RUNPATH_SEARCH_PATHS = (
					"$(inherited)",
					"@executable_path/Frameworks",
				);
				MARKETING_VERSION = 1.0;
				PRODUCT_BUNDLE_IDENTIFIER = "com.SamGomez.H4X0R-News";
				PRODUCT_NAME = "$(TARGET_NAME)";
				SWIFT_EMIT_LOC_STRINGS = YES;
				SWIFT_VERSION = 5.0;
				TARGETED_DEVICE_FAMILY = "1,2";
			};
			name = Debug;
		};
		FFF92EA62993402100A46399 /* Release */ = {
			isa = XCBuildConfiguration;
			baseConfigurationReference = AB65D2142E5694C777018805 /* Pods-H4X0R News.release.xcconfig */;
			buildSettings = {
				ASSETCATALOG_COMPILER_APPICON_NAME = AppIcon;
				ASSETCATALOG_COMPILER_GLOBAL_ACCENT_COLOR_NAME = AccentColor;
				CODE_SIGN_STYLE = Automatic;
				CURRENT_PROJECT_VERSION = 1;
				DEVELOPMENT_ASSET_PATHS = "\"H4X0R News/Preview Content\"";
				DEVELOPMENT_TEAM = 4F78DU7555;
				ENABLE_PREVIEWS = YES;
				GENERATE_INFOPLIST_FILE = YES;
				INFOPLIST_KEY_UIApplicationSceneManifest_Generation = YES;
				INFOPLIST_KEY_UIApplicationSupportsIndirectInputEvents = YES;
				INFOPLIST_KEY_UILaunchScreen_Generation = YES;
				INFOPLIST_KEY_UISupportedInterfaceOrientations_iPad = "UIInterfaceOrientationPortrait UIInterfaceOrientationPortraitUpsideDown UIInterfaceOrientationLandscapeLeft UIInterfaceOrientationLandscapeRight";
				INFOPLIST_KEY_UISupportedInterfaceOrientations_iPhone = "UIInterfaceOrientationPortrait UIInterfaceOrientationLandscapeLeft UIInterfaceOrientationLandscapeRight";
				LD_RUNPATH_SEARCH_PATHS = (
					"$(inherited)",
					"@executable_path/Frameworks",
				);
				MARKETING_VERSION = 1.0;
				PRODUCT_BUNDLE_IDENTIFIER = "com.SamGomez.H4X0R-News";
				PRODUCT_NAME = "$(TARGET_NAME)";
				SWIFT_EMIT_LOC_STRINGS = YES;
				SWIFT_VERSION = 5.0;
				TARGETED_DEVICE_FAMILY = "1,2";
			};
			name = Release;
		};
/* End XCBuildConfiguration section */

/* Begin XCConfigurationList section */
		FFF92E912993401F00A46399 /* Build configuration list for PBXProject "H4X0R News" */ = {
			isa = XCConfigurationList;
			buildConfigurations = (
				FFF92EA22993402100A46399 /* Debug */,
				FFF92EA32993402100A46399 /* Release */,
			);
			defaultConfigurationIsVisible = 0;
			defaultConfigurationName = Release;
		};
		FFF92EA42993402100A46399 /* Build configuration list for PBXNativeTarget "H4X0R News" */ = {
			isa = XCConfigurationList;
			buildConfigurations = (
				FFF92EA52993402100A46399 /* Debug */,
				FFF92EA62993402100A46399 /* Release */,
			);
			defaultConfigurationIsVisible = 0;
			defaultConfigurationName = Release;
		};
/* End XCConfigurationList section */
	};
	rootObject = FFF92E8E2993401F00A46399 /* Project object */;
}
